Microsoft Visual Studio Solution File, Format Version 12.00
# Visual Studio Version 17
VisualStudioVersion = 17.5.2.0
MinimumVisualStudioVersion = 10.0.40219.1
Project("{FAE04EC0-301F-11D3-BF4B-00C04F79EFBC}") = "RdlcRendererWpf", "RdlcRendererWpf.csproj", "{B14DA88F-CC31-96B1-0951-63D71D4F99C5}"
EndProject
Global
	GlobalSection(SolutionConfigurationPlatforms) = preSolution
		Debug|Any CPU = Debug|Any CPU
		Release|Any CPU = Release|Any CPU
	EndGlobalSection
	GlobalSection(ProjectConfigurationPlatforms) = postSolution
		{B14DA88F-CC31-96B1-0951-63D71D4F99C5}.Debug|Any CPU.ActiveCfg = Debug|Any CPU
		{B14DA88F-CC31-96B1-0951-63D71D4F99C5}.Debug|Any CPU.Build.0 = Debug|Any CPU
		{B14DA88F-CC31-96B1-0951-63D71D4F99C5}.Release|Any CPU.ActiveCfg = Release|Any CPU
		{B14DA88F-CC31-96B1-0951-63D71D4F99C5}.Release|Any CPU.Build.0 = Release|Any CPU
	EndGlobalSection
	GlobalSection(SolutionProperties) = preSolution
		HideSolutionNode = FALSE
	EndGlobalSection
	GlobalSection(ExtensibilityGlobals) = postSolution
		SolutionGuid = {3B8C6432-C9CF-4E2D-A6A2-03BCCA35FCAE}
	EndGlobalSection
EndGlobal
